
Microsoft Visual Studio Solution File, Format Version 12.00
# Visual Studio Version 16
VisualStudioVersion = 16.0.31911.196
MinimumVisualStudioVersion = 10.0.40219.1
Project("{FAE04EC0-301F-11D3-BF4B-00C04F79EFBC}") = "PrjtProdutos", "PrjtProdutos\PrjtProdutos.csproj", "{B517DB00-48F9-4BD1-8D96-D3473900BC41}"
EndProject
Global
	GlobalSection(SolutionConfigurationPlatforms) = preSolution
		Debug|Any CPU = Debug|Any CPU
		Release|Any CPU = Release|Any CPU
	EndGlobalSection
	GlobalSection(ProjectConfigurationPlatforms) = postSolution
		{B517DB00-48F9-4BD1-8D96-D3473900BC41}.Debug|Any CPU.ActiveCfg = Debug|Any CPU
		{B517DB00-48F9-4BD1-8D96-D3473900BC41}.Debug|Any CPU.Build.0 = Debug|Any CPU
		{B517DB00-48F9-4BD1-8D96-D3473900BC41}.Release|Any CPU.ActiveCfg = Release|Any CPU
		{B517DB00-48F9-4BD1-8D96-D3473900BC41}.Release|Any CPU.Build.0 = Release|Any CPU
	EndGlobalSection
	GlobalSection(SolutionProperties) = preSolution
		HideSolutionNode = FALSE
	EndGlobalSection
	GlobalSection(ExtensibilityGlobals) = postSolution
		SolutionGuid = {875804E6-BA49-476A-BE7C-9AEF0A35DC2A}
	EndGlobalSection
EndGlobal
