
Microsoft Visual Studio Solution File, Format Version 12.00
# Visual Studio Version 16
VisualStudioVersion = 16.0.31911.196
MinimumVisualStudioVersion = 10.0.40219.1
Project("{FAE04EC0-301F-11D3-BF4B-00C04F79EFBC}") = "PrjtMedia", "PrjtMedia\PrjtMedia.csproj", "{40683EEF-10DB-4783-B309-5B25A9A1A0B6}"
EndProject
Global
	GlobalSection(SolutionConfigurationPlatforms) = preSolution
		Debug|Any CPU = Debug|Any CPU
		Release|Any CPU = Release|Any CPU
	EndGlobalSection
	GlobalSection(ProjectConfigurationPlatforms) = postSolution
		{40683EEF-10DB-4783-B309-5B25A9A1A0B6}.Debug|Any CPU.ActiveCfg = Debug|Any CPU
		{40683EEF-10DB-4783-B309-5B25A9A1A0B6}.Debug|Any CPU.Build.0 = Debug|Any CPU
		{40683EEF-10DB-4783-B309-5B25A9A1A0B6}.Release|Any CPU.ActiveCfg = Release|Any CPU
		{40683EEF-10DB-4783-B309-5B25A9A1A0B6}.Release|Any CPU.Build.0 = Release|Any CPU
	EndGlobalSection
	GlobalSection(SolutionProperties) = preSolution
		HideSolutionNode = FALSE
	EndGlobalSection
	GlobalSection(ExtensibilityGlobals) = postSolution
		SolutionGuid = {C6FFAFCF-444E-4295-B4C3-B4817AF94A0D}
	EndGlobalSection
EndGlobal
